
Microsoft Visual Studio Solution File, Format Version 12.00
# Visual Studio 15
VisualStudioVersion = 15.0.26403.7
MinimumVisualStudioVersion = 10.0.40219.1
Project("{9A19103F-16F7-4668-BE54-9A1E7A4F7556}") = "TodayLunchCore", "TodayLunchCore\TodayLunchCore.csproj", "{77BFA7F0-07D4-4EED-BB1F-ED4B45BC226B}"
EndProject
Project("{9A19103F-16F7-4668-BE54-9A1E7A4F7556}") = "LunchLibrary", "LunchLibrary\LunchLibrary.csproj", "{91989191-ED4E-4896-9AE6-3B34C615D72A}"
EndProject
Project("{9A19103F-16F7-4668-BE54-9A1E7A4F7556}") = "LunchMigration", "LunchMigration\LunchMigration.csproj", "{55F215F8-205A-4E7E-A260-6AF2E413D73B}"
EndProject
Global
	GlobalSection(SolutionConfigurationPlatforms) = preSolution
		Debug|Any CPU = Debug|Any CPU
		Release|Any CPU = Release|Any CPU
	EndGlobalSection
	GlobalSection(ProjectConfigurationPlatforms) = postSolution
		{77BFA7F0-07D4-4EED-BB1F-ED4B45BC226B}.Debug|Any CPU.ActiveCfg = Debug|Any CPU
		{77BFA7F0-07D4-4EED-BB1F-ED4B45BC226B}.Debug|Any CPU.Build.0 = Debug|Any CPU
		{77BFA7F0-07D4-4EED-BB1F-ED4B45BC226B}.Release|Any CPU.ActiveCfg = Release|Any CPU
		{77BFA7F0-07D4-4EED-BB1F-ED4B45BC226B}.Release|Any CPU.Build.0 = Release|Any CPU
		{91989191-ED4E-4896-9AE6-3B34C615D72A}.Debug|Any CPU.ActiveCfg = Debug|Any CPU
		{91989191-ED4E-4896-9AE6-3B34C615D72A}.Debug|Any CPU.Build.0 = Debug|Any CPU
		{91989191-ED4E-4896-9AE6-3B34C615D72A}.Release|Any CPU.ActiveCfg = Release|Any CPU
		{91989191-ED4E-4896-9AE6-3B34C615D72A}.Release|Any CPU.Build.0 = Release|Any CPU
		{55F215F8-205A-4E7E-A260-6AF2E413D73B}.Debug|Any CPU.ActiveCfg = Debug|Any CPU
		{55F215F8-205A-4E7E-A260-6AF2E413D73B}.Debug|Any CPU.Build.0 = Debug|Any CPU
		{55F215F8-205A-4E7E-A260-6AF2E413D73B}.Release|Any CPU.ActiveCfg = Release|Any CPU
		{55F215F8-205A-4E7E-A260-6AF2E413D73B}.Release|Any CPU.Build.0 = Release|Any CPU
	EndGlobalSection
	GlobalSection(SolutionProperties) = preSolution
		HideSolutionNode = FALSE
	EndGlobalSection
	GlobalSection(ExtensibilityGlobals) = postSolution
		SolutionGuid = {5E372489-29EF-4A6B-9328-8F01B930CE19}
	EndGlobalSection
EndGlobal
