
Microsoft Visual Studio Solution File, Format Version 12.00
# Visual Studio Version 16
VisualStudioVersion = 16.0.28922.388
MinimumVisualStudioVersion = 10.0.40219.1
Project("{9A19103F-16F7-4668-BE54-9A1E7A4F7556}") = "TodayLunchCore", "TodayLunchCore\TodayLunchCore.csproj", "{77BFA7F0-07D4-4EED-BB1F-ED4B45BC226B}"
EndProject
Project("{9A19103F-16F7-4668-BE54-9A1E7A4F7556}") = "LunchLibrary", "LunchLibrary\LunchLibrary.csproj", "{91989191-ED4E-4896-9AE6-3B34C615D72A}"
EndProject
Project("{9A19103F-16F7-4668-BE54-9A1E7A4F7556}") = "LunchMigration", "LunchMigration\LunchMigration.csproj", "{55F215F8-205A-4E7E-A260-6AF2E413D73B}"
EndProject
Global
	GlobalSection(SolutionConfigurationPlatforms) = preSolution
		Debug|Any CPU = Debug|Any CPU
		Debug|ARM = Debug|ARM
		Debug|ARM64 = Debug|ARM64
		Debug|iPhone = Debug|iPhone
		Debug|iPhoneSimulator = Debug|iPhoneSimulator
		Debug|x64 = Debug|x64
		Debug|x86 = Debug|x86
		Release|Any CPU = Release|Any CPU
		Release|ARM = Release|ARM
		Release|ARM64 = Release|ARM64
		Release|iPhone = Release|iPhone
		Release|iPhoneSimulator = Release|iPhoneSimulator
		Release|x64 = Release|x64
		Release|x86 = Release|x86
	EndGlobalSection
	GlobalSection(ProjectConfigurationPlatforms) = postSolution
		{77BFA7F0-07D4-4EED-BB1F-ED4B45BC226B}.Debug|Any CPU.ActiveCfg = Debug|Any CPU
		{77BFA7F0-07D4-4EED-BB1F-ED4B45BC226B}.Debug|Any CPU.Build.0 = Debug|Any CPU
		{77BFA7F0-07D4-4EED-BB1F-ED4B45BC226B}.Debug|ARM.ActiveCfg = Debug|Any CPU
		{77BFA7F0-07D4-4EED-BB1F-ED4B45BC226B}.Debug|ARM.Build.0 = Debug|Any CPU
		{77BFA7F0-07D4-4EED-BB1F-ED4B45BC226B}.Debug|ARM64.ActiveCfg = Debug|Any CPU
		{77BFA7F0-07D4-4EED-BB1F-ED4B45BC226B}.Debug|ARM64.Build.0 = Debug|Any CPU
		{77BFA7F0-07D4-4EED-BB1F-ED4B45BC226B}.Debug|iPhone.ActiveCfg = Debug|Any CPU
		{77BFA7F0-07D4-4EED-BB1F-ED4B45BC226B}.Debug|iPhone.Build.0 = Debug|Any CPU
		{77BFA7F0-07D4-4EED-BB1F-ED4B45BC226B}.Debug|iPhoneSimulator.ActiveCfg = Debug|Any CPU
		{77BFA7F0-07D4-4EED-BB1F-ED4B45BC226B}.Debug|iPhoneSimulator.Build.0 = Debug|Any CPU
		{77BFA7F0-07D4-4EED-BB1F-ED4B45BC226B}.Debug|x64.ActiveCfg = Debug|Any CPU
		{77BFA7F0-07D4-4EED-BB1F-ED4B45BC226B}.Debug|x64.Build.0 = Debug|Any CPU
		{77BFA7F0-07D4-4EED-BB1F-ED4B45BC226B}.Debug|x86.ActiveCfg = Debug|Any CPU
		{77BFA7F0-07D4-4EED-BB1F-ED4B45BC226B}.Debug|x86.Build.0 = Debug|Any CPU
		{77BFA7F0-07D4-4EED-BB1F-ED4B45BC226B}.Release|Any CPU.ActiveCfg = Release|Any CPU
		{77BFA7F0-07D4-4EED-BB1F-ED4B45BC226B}.Release|Any CPU.Build.0 = Release|Any CPU
		{77BFA7F0-07D4-4EED-BB1F-ED4B45BC226B}.Release|ARM.ActiveCfg = Release|Any CPU
		{77BFA7F0-07D4-4EED-BB1F-ED4B45BC226B}.Release|ARM.Build.0 = Release|Any CPU
		{77BFA7F0-07D4-4EED-BB1F-ED4B45BC226B}.Release|ARM64.ActiveCfg = Release|Any CPU
		{77BFA7F0-07D4-4EED-BB1F-ED4B45BC226B}.Release|ARM64.Build.0 = Release|Any CPU
		{77BFA7F0-07D4-4EED-BB1F-ED4B45BC226B}.Release|iPhone.ActiveCfg = Release|Any CPU
		{77BFA7F0-07D4-4EED-BB1F-ED4B45BC226B}.Release|iPhone.Build.0 = Release|Any CPU
		{77BFA7F0-07D4-4EED-BB1F-ED4B45BC226B}.Release|iPhoneSimulator.ActiveCfg = Release|Any CPU
		{77BFA7F0-07D4-4EED-BB1F-ED4B45BC226B}.Release|iPhoneSimulator.Build.0 = Release|Any CPU
		{77BFA7F0-07D4-4EED-BB1F-ED4B45BC226B}.Release|x64.ActiveCfg = Release|Any CPU
		{77BFA7F0-07D4-4EED-BB1F-ED4B45BC226B}.Release|x64.Build.0 = Release|Any CPU
		{77BFA7F0-07D4-4EED-BB1F-ED4B45BC226B}.Release|x86.ActiveCfg = Release|Any CPU
		{77BFA7F0-07D4-4EED-BB1F-ED4B45BC226B}.Release|x86.Build.0 = Release|Any CPU
		{91989191-ED4E-4896-9AE6-3B34C615D72A}.Debug|Any CPU.ActiveCfg = Debug|Any CPU
		{91989191-ED4E-4896-9AE6-3B34C615D72A}.Debug|Any CPU.Build.0 = Debug|Any CPU
		{91989191-ED4E-4896-9AE6-3B34C615D72A}.Debug|ARM.ActiveCfg = Debug|Any CPU
		{91989191-ED4E-4896-9AE6-3B34C615D72A}.Debug|ARM.Build.0 = Debug|Any CPU
		{91989191-ED4E-4896-9AE6-3B34C615D72A}.Debug|ARM64.ActiveCfg = Debug|Any CPU
		{91989191-ED4E-4896-9AE6-3B34C615D72A}.Debug|ARM64.Build.0 = Debug|Any CPU
		{91989191-ED4E-4896-9AE6-3B34C615D72A}.Debug|iPhone.ActiveCfg = Debug|Any CPU
		{91989191-ED4E-4896-9AE6-3B34C615D72A}.Debug|iPhone.Build.0 = Debug|Any CPU
		{91989191-ED4E-4896-9AE6-3B34C615D72A}.Debug|iPhoneSimulator.ActiveCfg = Debug|Any CPU
		{91989191-ED4E-4896-9AE6-3B34C615D72A}.Debug|iPhoneSimulator.Build.0 = Debug|Any CPU
		{91989191-ED4E-4896-9AE6-3B34C615D72A}.Debug|x64.ActiveCfg = Debug|Any CPU
		{91989191-ED4E-4896-9AE6-3B34C615D72A}.Debug|x64.Build.0 = Debug|Any CPU
		{91989191-ED4E-4896-9AE6-3B34C615D72A}.Debug|x86.ActiveCfg = Debug|Any CPU
		{91989191-ED4E-4896-9AE6-3B34C615D72A}.Debug|x86.Build.0 = Debug|Any CPU
		{91989191-ED4E-4896-9AE6-3B34C615D72A}.Release|Any CPU.ActiveCfg = Release|Any CPU
		{91989191-ED4E-4896-9AE6-3B34C615D72A}.Release|Any CPU.Build.0 = Release|Any CPU
		{91989191-ED4E-4896-9AE6-3B34C615D72A}.Release|ARM.ActiveCfg = Release|Any CPU
		{91989191-ED4E-4896-9AE6-3B34C615D72A}.Release|ARM.Build.0 = Release|Any CPU
		{91989191-ED4E-4896-9AE6-3B34C615D72A}.Release|ARM64.ActiveCfg = Release|Any CPU
		{91989191-ED4E-4896-9AE6-3B34C615D72A}.Release|ARM64.Build.0 = Release|Any CPU
		{91989191-ED4E-4896-9AE6-3B34C615D72A}.Release|iPhone.ActiveCfg = Release|Any CPU
		{91989191-ED4E-4896-9AE6-3B34C615D72A}.Release|iPhone.Build.0 = Release|Any CPU
		{91989191-ED4E-4896-9AE6-3B34C615D72A}.Release|iPhoneSimulator.ActiveCfg = Release|Any CPU
		{91989191-ED4E-4896-9AE6-3B34C615D72A}.Release|iPhoneSimulator.Build.0 = Release|Any CPU
		{91989191-ED4E-4896-9AE6-3B34C615D72A}.Release|x64.ActiveCfg = Release|Any CPU
		{91989191-ED4E-4896-9AE6-3B34C615D72A}.Release|x64.Build.0 = Release|Any CPU
		{91989191-ED4E-4896-9AE6-3B34C615D72A}.Release|x86.ActiveCfg = Release|Any CPU
		{91989191-ED4E-4896-9AE6-3B34C615D72A}.Release|x86.Build.0 = Release|Any CPU
		{55F215F8-205A-4E7E-A260-6AF2E413D73B}.Debug|Any CPU.ActiveCfg = Debug|Any CPU
		{55F215F8-205A-4E7E-A260-6AF2E413D73B}.Debug|Any CPU.Build.0 = Debug|Any CPU
		{55F215F8-205A-4E7E-A260-6AF2E413D73B}.Debug|ARM.ActiveCfg = Debug|Any CPU
		{55F215F8-205A-4E7E-A260-6AF2E413D73B}.Debug|ARM.Build.0 = Debug|Any CPU
		{55F215F8-205A-4E7E-A260-6AF2E413D73B}.Debug|ARM64.ActiveCfg = Debug|Any CPU
		{55F215F8-205A-4E7E-A260-6AF2E413D73B}.Debug|ARM64.Build.0 = Debug|Any CPU
		{55F215F8-205A-4E7E-A260-6AF2E413D73B}.Debug|iPhone.ActiveCfg = Debug|Any CPU
		{55F215F8-205A-4E7E-A260-6AF2E413D73B}.Debug|iPhone.Build.0 = Debug|Any CPU
		{55F215F8-205A-4E7E-A260-6AF2E413D73B}.Debug|iPhoneSimulator.ActiveCfg = Debug|Any CPU
		{55F215F8-205A-4E7E-A260-6AF2E413D73B}.Debug|iPhoneSimulator.Build.0 = Debug|Any CPU
		{55F215F8-205A-4E7E-A260-6AF2E413D73B}.Debug|x64.ActiveCfg = Debug|Any CPU
		{55F215F8-205A-4E7E-A260-6AF2E413D73B}.Debug|x64.Build.0 = Debug|Any CPU
		{55F215F8-205A-4E7E-A260-6AF2E413D73B}.Debug|x86.ActiveCfg = Debug|Any CPU
		{55F215F8-205A-4E7E-A260-6AF2E413D73B}.Debug|x86.Build.0 = Debug|Any CPU
		{55F215F8-205A-4E7E-A260-6AF2E413D73B}.Release|Any CPU.ActiveCfg = Release|Any CPU
		{55F215F8-205A-4E7E-A260-6AF2E413D73B}.Release|Any CPU.Build.0 = Release|Any CPU
		{55F215F8-205A-4E7E-A260-6AF2E413D73B}.Release|ARM.ActiveCfg = Release|Any CPU
		{55F215F8-205A-4E7E-A260-6AF2E413D73B}.Release|ARM.Build.0 = Release|Any CPU
		{55F215F8-205A-4E7E-A260-6AF2E413D73B}.Release|ARM64.ActiveCfg = Release|Any CPU
		{55F215F8-205A-4E7E-A260-6AF2E413D73B}.Release|ARM64.Build.0 = Release|Any CPU
		{55F215F8-205A-4E7E-A260-6AF2E413D73B}.Release|iPhone.ActiveCfg = Release|Any CPU
		{55F215F8-205A-4E7E-A260-6AF2E413D73B}.Release|iPhone.Build.0 = Release|Any CPU
		{55F215F8-205A-4E7E-A260-6AF2E413D73B}.Release|iPhoneSimulator.ActiveCfg = Release|Any CPU
		{55F215F8-205A-4E7E-A260-6AF2E413D73B}.Release|iPhoneSimulator.Build.0 = Release|Any CPU
		{55F215F8-205A-4E7E-A260-6AF2E413D73B}.Release|x64.ActiveCfg = Release|Any CPU
		{55F215F8-205A-4E7E-A260-6AF2E413D73B}.Release|x64.Build.0 = Release|Any CPU
		{55F215F8-205A-4E7E-A260-6AF2E413D73B}.Release|x86.ActiveCfg = Release|Any CPU
		{55F215F8-205A-4E7E-A260-6AF2E413D73B}.Release|x86.Build.0 = Release|Any CPU
	EndGlobalSection
	GlobalSection(SolutionProperties) = preSolution
		HideSolutionNode = FALSE
	EndGlobalSection
	GlobalSection(ExtensibilityGlobals) = postSolution
		SolutionGuid = {5E372489-29EF-4A6B-9328-8F01B930CE19}
	EndGlobalSection
EndGlobal
